<?xml version="1.0" encoding="utf-8"?>
<Project ToolsVersion="4.0" xmlns="http://schemas.microsoft.com/developer/msbuild/2003">
  <ItemGroup>
    <Filter Include="Quelldateien">
      <UniqueIdentifier>{4FC737F1-C7A5-4376-A066-2A32D752A2FF}</UniqueIdentifier>
      <Extensions>cpp;c;cc;cxx;def;odl;idl;hpj;bat;asm;asmx</Extensions>
    </Filter>
    <Filter Include="Headerdateien">
      <UniqueIdentifier>{93995380-89BD-4b04-88EB-625FBE52EBFB}</UniqueIdentifier>
      <Extensions>h;hh;hpp;hxx;hm;inl;inc;xsd</Extensions>
    </Filter>
    <Filter Include="Ressourcendateien">
      <UniqueIdentifier>{67DA6AB6-F800-4c08-8B7A-83BB121AAD01}</UniqueIdentifier>
      <Extensions>rc;ico;cur;bmp;dlg;rc2;rct;bin;rgs;gif;jpg;jpeg;jpe;resx;tiff;tif;png;wav;mfcribbon-ms</Extensions>
    </Filter>
    <Filter Include="Headerdateien\Startup check">
      <UniqueIdentifier>{cf3f6090-9543-416f-a51c-d14d95264253}</UniqueIdentifier>
    </Filter>
    <Filter Include="Quelldateien\Startup check">
      <UniqueIdentifier>{851253d7-51a6-462a-8972-631db709fcac}</UniqueIdentifier>
    </Filter>
  </ItemGroup>
  <ItemGroup>
    <ClCompile Include="main.cpp">
      <Filter>Quelldateien</Filter>
    </ClCompile>
    <ClCompile Include="configReader.cpp">
      <Filter>Quelldateien</Filter>
    </ClCompile>
    <ClCompile Include="drawGui.cpp">
      <Filter>Quelldateien</Filter>
    </ClCompile>
    <ClCompile Include="Gui.cpp">
      <Filter>Quelldateien</Filter>
    </ClCompile>
    <ClCompile Include="hardware.cpp">
      <Filter>Quelldateien</Filter>
    </ClCompile>
    <ClCompile Include="hardwareCheck.cpp">
      <Filter>Quelldateien\Startup check</Filter>
    </ClCompile>
    <ClCompile Include="initializeLcd.cpp">
      <Filter>Quelldateien\Startup check</Filter>
    </ClCompile>
  </ItemGroup>
  <ItemGroup>
    <ClInclude Include="Cast.h">
      <Filter>Headerdateien</Filter>
    </ClInclude>
    <ClInclude Include="configReader.h">
      <Filter>Headerdateien</Filter>
    </ClInclude>
    <ClInclude Include="Convert.h">
      <Filter>Headerdateien</Filter>
    </ClInclude>
    <ClInclude Include="drawGui.h">
      <Filter>Headerdateien</Filter>
    </ClInclude>
    <ClInclude Include="Gui.h">
      <Filter>Headerdateien</Filter>
    </ClInclude>
    <ClInclude Include="hardware.h">
      <Filter>Headerdateien</Filter>
    </ClInclude>
    <ClInclude Include="LogitechLCDLib.h">
      <Filter>Headerdateien</Filter>
    </ClInclude>
    <ClInclude Include="hardwareCheck.h">
      <Filter>Headerdateien\Startup check</Filter>
    </ClInclude>
    <ClInclude Include="initializeLcd.h">
      <Filter>Headerdateien\Startup check</Filter>
    </ClInclude>
    <ClInclude Include="resource.h">
      <Filter>Headerdateien</Filter>
    </ClInclude>
    <ClInclude Include="Constants.h">
      <Filter>Headerdateien</Filter>
    </ClInclude>
  </ItemGroup>
  <ItemGroup>
    <ResourceCompile Include="G19SystemMonitor.rc">
      <Filter>Ressourcendateien</Filter>
    </ResourceCompile>
  </ItemGroup>
  <ItemGroup>
    <Image Include="icon\icon_keyboard_256.ico">
      <Filter>Ressourcendateien</Filter>
    </Image>
  </ItemGroup>
</Project>